
Microsoft Visual Studio Solution File, Format Version 12.00
# Visual Studio 15
VisualStudioVersion = 15.0.27703.2047
MinimumVisualStudioVersion = 10.0.40219.1
Project("{FAE04EC0-301F-11D3-BF4B-00C04F79EFBC}") = "HHSC_RA", "HHSC_RA\HHSC_RA.csproj", "{825B51DD-7C87-4BFF-B40D-CCB3412A0C80}"
EndProject
Project("{FAE04EC0-301F-11D3-BF4B-00C04F79EFBC}") = "HHSC_RA.Tests", "HHSC_RA.Tests\HHSC_RA.Tests.csproj", "{6CA78F15-8D64-4C8D-B71A-66DFA1C806E8}"
EndProject
Global
	GlobalSection(SolutionConfigurationPlatforms) = preSolution
		Debug|Any CPU = Debug|Any CPU
		Release|Any CPU = Release|Any CPU
	EndGlobalSection
	GlobalSection(ProjectConfigurationPlatforms) = postSolution
		{825B51DD-7C87-4BFF-B40D-CCB3412A0C80}.Debug|Any CPU.ActiveCfg = Debug|Any CPU
		{825B51DD-7C87-4BFF-B40D-CCB3412A0C80}.Debug|Any CPU.Build.0 = Debug|Any CPU
		{825B51DD-7C87-4BFF-B40D-CCB3412A0C80}.Release|Any CPU.ActiveCfg = Release|Any CPU
		{825B51DD-7C87-4BFF-B40D-CCB3412A0C80}.Release|Any CPU.Build.0 = Release|Any CPU
		{6CA78F15-8D64-4C8D-B71A-66DFA1C806E8}.Debug|Any CPU.ActiveCfg = Debug|Any CPU
		{6CA78F15-8D64-4C8D-B71A-66DFA1C806E8}.Debug|Any CPU.Build.0 = Debug|Any CPU
		{6CA78F15-8D64-4C8D-B71A-66DFA1C806E8}.Release|Any CPU.ActiveCfg = Release|Any CPU
		{6CA78F15-8D64-4C8D-B71A-66DFA1C806E8}.Release|Any CPU.Build.0 = Release|Any CPU
	EndGlobalSection
	GlobalSection(SolutionProperties) = preSolution
		HideSolutionNode = FALSE
	EndGlobalSection
	GlobalSection(ExtensibilityGlobals) = postSolution
		SolutionGuid = {6FAD118F-9A73-4DC4-8E43-E69D031C16D0}
	EndGlobalSection
EndGlobal
